
Microsoft Visual Studio Solution File, Format Version 12.00
# Visual Studio Version 17
VisualStudioVersion = 17.9.34728.123
MinimumVisualStudioVersion = 10.0.40219.1
Project("{FAE04EC0-301F-11D3-BF4B-00C04F79EFBC}") = "Test_Petrol", "Test_Petrol\Test_Petrol.csproj", "{86DAF445-2ADE-49CB-9269-AC701CBC5353}"
EndProject
Global
	GlobalSection(SolutionConfigurationPlatforms) = preSolution
		Debug|Any CPU = Debug|Any CPU
		Release|Any CPU = Release|Any CPU
	EndGlobalSection
	GlobalSection(ProjectConfigurationPlatforms) = postSolution
		{86DAF445-2ADE-49CB-9269-AC701CBC5353}.Debug|Any CPU.ActiveCfg = Debug|Any CPU
		{86DAF445-2ADE-49CB-9269-AC701CBC5353}.Debug|Any CPU.Build.0 = Debug|Any CPU
		{86DAF445-2ADE-49CB-9269-AC701CBC5353}.Release|Any CPU.ActiveCfg = Release|Any CPU
		{86DAF445-2ADE-49CB-9269-AC701CBC5353}.Release|Any CPU.Build.0 = Release|Any CPU
	EndGlobalSection
	GlobalSection(SolutionProperties) = preSolution
		HideSolutionNode = FALSE
	EndGlobalSection
	GlobalSection(ExtensibilityGlobals) = postSolution
		SolutionGuid = {08B59BD8-1FFD-4585-973B-777531A223CB}
	EndGlobalSection
EndGlobal
